<Solution>
  <Project Path="AionDpsMeter.Core/AionDpsMeter.Core.csproj" />
  <Project Path="AionDpsMeter.Services/AionDpsMeter.Services.csproj" />
  <Project Path="AionDpsMeter.Timers.Tests/AionDpsMeter.Timers.Tests.csproj" />
  <Project Path="AionDpsMeter.Timers/AionDpsMeter.Timers.csproj" />
  <Project Path="AionDpsMeter.UI/AionDpsMeter.UI.csproj" />
  <Project Path="AionDpsMeter.Updater/AionDpsMeter.Updater.csproj" />
</Solution>
